
Microsoft Visual Studio Solution File, Format Version 12.00
# Visual Studio 15
VisualStudioVersion = 15.0.27703.2000
MinimumVisualStudioVersion = 10.0.40219.1
Project("{FAE04EC0-301F-11D3-BF4B-00C04F79EFBC}") = "Compliance.DataObject", "Compliance.DataObject\Compliance.DataObject.csproj", "{B30B444D-E350-45B3-9510-7BFFED93A348}"
EndProject
Project("{FAE04EC0-301F-11D3-BF4B-00C04F79EFBC}") = "ComplianceAuditWeb", "ComplianceAuditWeb\ComplianceAuditWeb.csproj", "{1D20C21D-9880-4DDD-B1D5-7F34BE991F94}"
EndProject
Project("{FAE04EC0-301F-11D3-BF4B-00C04F79EFBC}") = "ComplianceService", "ComplianceService\ComplianceService.csproj", "{9F6D89B1-A4EC-442F-A9E6-7E0FBAFBB46F}"
EndProject
Project("{FAE04EC0-301F-11D3-BF4B-00C04F79EFBC}") = "Compliance.DataAccess", "Compliance.DataAccess\Compliance.DataAccess.csproj", "{FB7BD1AF-2621-4582-A995-DDFFE944FDE0}"
EndProject
Global
	GlobalSection(SolutionConfigurationPlatforms) = preSolution
		Debug|Any CPU = Debug|Any CPU
		Release|Any CPU = Release|Any CPU
	EndGlobalSection
	GlobalSection(ProjectConfigurationPlatforms) = postSolution
		{B30B444D-E350-45B3-9510-7BFFED93A348}.Debug|Any CPU.ActiveCfg = Debug|Any CPU
		{B30B444D-E350-45B3-9510-7BFFED93A348}.Debug|Any CPU.Build.0 = Debug|Any CPU
		{B30B444D-E350-45B3-9510-7BFFED93A348}.Release|Any CPU.ActiveCfg = Release|Any CPU
		{B30B444D-E350-45B3-9510-7BFFED93A348}.Release|Any CPU.Build.0 = Release|Any CPU
		{1D20C21D-9880-4DDD-B1D5-7F34BE991F94}.Debug|Any CPU.ActiveCfg = Debug|Any CPU
		{1D20C21D-9880-4DDD-B1D5-7F34BE991F94}.Debug|Any CPU.Build.0 = Debug|Any CPU
		{1D20C21D-9880-4DDD-B1D5-7F34BE991F94}.Release|Any CPU.ActiveCfg = Release|Any CPU
		{1D20C21D-9880-4DDD-B1D5-7F34BE991F94}.Release|Any CPU.Build.0 = Release|Any CPU
		{9F6D89B1-A4EC-442F-A9E6-7E0FBAFBB46F}.Debug|Any CPU.ActiveCfg = Debug|Any CPU
		{9F6D89B1-A4EC-442F-A9E6-7E0FBAFBB46F}.Debug|Any CPU.Build.0 = Debug|Any CPU
		{9F6D89B1-A4EC-442F-A9E6-7E0FBAFBB46F}.Release|Any CPU.ActiveCfg = Release|Any CPU
		{9F6D89B1-A4EC-442F-A9E6-7E0FBAFBB46F}.Release|Any CPU.Build.0 = Release|Any CPU
		{FB7BD1AF-2621-4582-A995-DDFFE944FDE0}.Debug|Any CPU.ActiveCfg = Debug|Any CPU
		{FB7BD1AF-2621-4582-A995-DDFFE944FDE0}.Debug|Any CPU.Build.0 = Debug|Any CPU
		{FB7BD1AF-2621-4582-A995-DDFFE944FDE0}.Release|Any CPU.ActiveCfg = Release|Any CPU
		{FB7BD1AF-2621-4582-A995-DDFFE944FDE0}.Release|Any CPU.Build.0 = Release|Any CPU
	EndGlobalSection
	GlobalSection(SolutionProperties) = preSolution
		HideSolutionNode = FALSE
	EndGlobalSection
	GlobalSection(ExtensibilityGlobals) = postSolution
		SolutionGuid = {2CEEA207-F94C-4057-89C9-C478CDBC6FF5}
	EndGlobalSection
EndGlobal
